{
    "_readme": [
        "This file locks the dependencies of your project to a known state",
        "Read more about it at https://getcomposer.org/doc/01-basic-usage.md#composer-lock-the-lock-file",
        "This file is @generated automatically"
    ],
    "content-hash": "92c37a935681d6ee8927aaa791a0cafa",
    "packages": [
        {
            "name": "gregwar/captcha",
            "version": "v1.1.5",
            "source": {
                "type": "git",
                "url": "https://github.com/Gregwar/Captcha.git",
                "reference": "1d06ac8e12d2b3e0df39586d78b9f50e086a0bea"
            },
            "dist": {
                "type": "zip",
                "url": "https://files.phpcomposer.com/files/Gregwar/Captcha/1d06ac8e12d2b3e0df39586d78b9f50e086a0bea.zip",
                "reference": "1d06ac8e12d2b3e0df39586d78b9f50e086a0bea",
                "shasum": ""
            },
            "require": {
                "ext-gd": "*",
                "ext-mbstring": "*",
                "php": ">=5.3.0",
                "symfony/finder": "~3.0|~4.0"
            },
            "require-dev": {
                "phpunit/phpunit": "^6.4"
            },
            "type": "captcha",
            "autoload": {
                "psr-4": {
                    "Gregwar\\": "src/Gregwar"
                }
            },
            "notification-url": "https://packagist.org/downloads/",
            "license": [
                "MIT"
            ],
            "authors": [
                {
                    "name": "Grégoire Passault",
                    "email": "g.passault@gmail.com",
                    "homepage": "http://www.gregwar.com/"
                },
                {
                    "name": "Jeremy Livingston",
                    "email": "jeremy.j.livingston@gmail.com"
                }
            ],
            "description": "Captcha generator",
            "homepage": "https://github.com/Gregwar/Captcha",
            "keywords": [
                "bot",
                "captcha",
                "spam"
            ],
            "time": "2017-12-30T16:18:44+00:00"
        },
        {
            "name": "symfony/finder",
            "version": "v3.4.5",
            "source": {
                "type": "git",
                "url": "https://github.com/symfony/finder.git",
                "reference": "6a615613745cef820d807443f32076bb9f5d0a38"
            },
            "dist": {
                "type": "zip",
                "url": "https://files.phpcomposer.com/files/symfony/finder/6a615613745cef820d807443f32076bb9f5d0a38.zip",
                "reference": "6a615613745cef820d807443f32076bb9f5d0a38",
                "shasum": ""
            },
            "require": {
                "php": "^5.5.9|>=7.0.8"
            },
            "type": "library",
            "extra": {
                "branch-alias": {
                    "dev-master": "3.4-dev"
                }
            },
            "autoload": {
                "psr-4": {
                    "Symfony\\Component\\Finder\\": ""
                },
                "exclude-from-classmap": [
                    "/Tests/"
                ]
            },
            "notification-url": "https://packagist.org/downloads/",
            "license": [
                "MIT"
            ],
            "authors": [
                {
                    "name": "Fabien Potencier",
                    "email": "fabien@symfony.com"
                },
                {
                    "name": "Symfony Community",
                    "homepage": "https://symfony.com/contributors"
                }
            ],
            "description": "Symfony Finder Component",
            "homepage": "https://symfony.com",
            "time": "2018-02-11T17:15:12+00:00"
        },
        {
            "name": "topthink/framework",
            "version": "v5.1.5",
            "source": {
                "type": "git",
                "url": "https://github.com/top-think/framework.git",
                "reference": "f81c4282cdf401be44fbe1a28b3e3df425e3017f"
            },
            "dist": {
                "type": "zip",
                "url": "https://api.github.com/repos/top-think/framework/zipball/f81c4282cdf401be44fbe1a28b3e3df425e3017f",
                "reference": "f81c4282cdf401be44fbe1a28b3e3df425e3017f",
                "shasum": ""
            },
            "require": {
                "php": ">=5.6.0",
                "topthink/think-installer": "~1.0"
            },
            "require-dev": {
                "johnkary/phpunit-speedtrap": "^1.0",
                "mikey179/vfsstream": "~1.6",
                "phpdocumentor/reflection-docblock": "^2.0",
                "phploc/phploc": "2.*",
                "phpunit/phpunit": "^5.0|^6.0",
                "sebastian/phpcpd": "2.*",
                "squizlabs/php_codesniffer": "2.*"
            },
            "type": "think-framework",
            "notification-url": "https://packagist.org/downloads/",
            "license": [
                "Apache-2.0"
            ],
            "authors": [
                {
                    "name": "liu21st",
                    "email": "liu21st@gmail.com"
                },
                {
                    "name": "yunwuxin",
                    "email": "448901948@qq.com"
                }
            ],
            "description": "the new thinkphp framework",
            "homepage": "http://thinkphp.cn/",
            "keywords": [
                "framework",
                "orm",
                "thinkphp"
            ],
            "time": "2018-02-02T05:39:38+00:00"
        },
        {
            "name": "topthink/think-installer",
            "version": "v1.0.12",
            "source": {
                "type": "git",
                "url": "https://github.com/top-think/think-installer.git",
                "reference": "1be326e68f63de4e95977ed50f46ae75f017556d"
            },
            "dist": {
                "type": "zip",
                "url": "https://api.github.com/repos/top-think/think-installer/zipball/1be326e68f63de4e95977ed50f46ae75f017556d",
                "reference": "1be326e68f63de4e95977ed50f46ae75f017556d",
                "shasum": ""
            },
            "require": {
                "composer-plugin-api": "^1.0"
            },
            "require-dev": {
                "composer/composer": "1.0.*@dev"
            },
            "type": "composer-plugin",
            "extra": {
                "class": "think\\composer\\Plugin"
            },
            "autoload": {
                "psr-4": {
                    "think\\composer\\": "src"
                }
            },
            "notification-url": "https://packagist.org/downloads/",
            "license": [
                "Apache-2.0"
            ],
            "authors": [
                {
                    "name": "yunwuxin",
                    "email": "448901948@qq.com"
                }
            ],
            "time": "2017-05-27T06:58:09+00:00"
        },
        {
            "name": "topthink/think-worker",
            "version": "v1.0.1",
            "source": {
                "type": "git",
                "url": "https://github.com/top-think/think-worker.git",
                "reference": "b609ff5e38dbb7194aab027d2b2c6b31a7ed1bd1"
            },
            "dist": {
                "type": "zip",
                "url": "https://files.phpcomposer.com/files/top-think/think-worker/b609ff5e38dbb7194aab027d2b2c6b31a7ed1bd1.zip",
                "reference": "b609ff5e38dbb7194aab027d2b2c6b31a7ed1bd1",
                "shasum": ""
            },
            "require": {
                "workerman/workerman": "^3.3.0"
            },
            "type": "library",
            "autoload": {
                "psr-4": {
                    "think\\worker\\": "src"
                },
                "files": []
            },
            "notification-url": "https://packagist.org/downloads/",
            "license": [
                "Apache-2.0"
            ],
            "authors": [
                {
                    "name": "liu21st",
                    "email": "liu21st@gmail.com"
                }
            ],
            "description": "workerman extend for thinkphp5",
            "time": "2016-10-08T06:07:03+00:00"
        },
        {
            "name": "workerman/gateway-worker",
            "version": "v3.0.7",
            "source": {
                "type": "git",
                "url": "https://github.com/walkor/GatewayWorker.git",
                "reference": "4444c59da4b5cd68679172904a40b66e1338389c"
            },
            "dist": {
                "type": "zip",
                "url": "https://files.phpcomposer.com/files/walkor/GatewayWorker/4444c59da4b5cd68679172904a40b66e1338389c.zip",
                "reference": "4444c59da4b5cd68679172904a40b66e1338389c",
                "shasum": ""
            },
            "require": {
                "workerman/workerman": ">=3.1.8"
            },
            "type": "library",
            "autoload": {
                "psr-4": {
                    "GatewayWorker\\": "./src"
                }
            },
            "notification-url": "https://packagist.org/downloads/",
            "license": [
                "MIT"
            ],
            "homepage": "http://www.workerman.net",
            "keywords": [
                "communication",
                "distributed"
            ],
            "time": "2017-06-26T14:49:54+00:00"
        },
        {
            "name": "workerman/gatewayclient",
            "version": "v3.0.0",
            "source": {
                "type": "git",
                "url": "https://github.com/walkor/GatewayClient.git",
                "reference": "e58edc1f5eee7465c24fc97d8adff1f59b1b8455"
            },
            "dist": {
                "type": "zip",
                "url": "https://files.phpcomposer.com/files/walkor/GatewayClient/e58edc1f5eee7465c24fc97d8adff1f59b1b8455.zip",
                "reference": "e58edc1f5eee7465c24fc97d8adff1f59b1b8455",
                "shasum": ""
            },
            "type": "library",
            "autoload": {
                "psr-4": {
                    "GatewayClient\\": "./"
                }
            },
            "notification-url": "https://packagist.org/downloads/",
            "license": [
                "MIT"
            ],
            "homepage": "http://www.workerman.net",
            "time": "2016-12-07T09:06:11+00:00"
        },
        {
            "name": "workerman/workerman",
            "version": "v3.5.4",
            "source": {
                "type": "git",
                "url": "https://github.com/walkor/Workerman.git",
                "reference": "f6e129079e5f5398bffc218024f2dd95678fc564"
            },
            "dist": {
                "type": "zip",
                "url": "https://files.phpcomposer.com/files/walkor/Workerman/f6e129079e5f5398bffc218024f2dd95678fc564.zip",
                "reference": "f6e129079e5f5398bffc218024f2dd95678fc564",
                "shasum": ""
            },
            "require": {
                "php": ">=5.3"
            },
            "suggest": {
                "ext-event": "For better performance. "
            },
            "type": "library",
            "autoload": {
                "psr-4": {
                    "Workerman\\": "./"
                }
            },
            "notification-url": "https://packagist.org/downloads/",
            "license": [
                "MIT"
            ],
            "authors": [
                {
                    "name": "walkor",
                    "email": "walkor@workerman.net",
                    "homepage": "http://www.workerman.net",
                    "role": "Developer"
                }
            ],
            "description": "An asynchronous event driven PHP framework for easily building fast, scalable network applications.",
            "homepage": "http://www.workerman.net",
            "keywords": [
                "asynchronous",
                "event-loop"
            ],
            "time": "2017-12-06T04:17:52+00:00"
        },
        {
            "name": "workerman/workerman-for-win",
            "version": "v3.5.1",
            "source": {
                "type": "git",
                "url": "https://github.com/walkor/workerman-for-win.git",
                "reference": "cbaae3193e4567fd9cfc8099931c63d9b12174ee"
            },
            "dist": {
                "type": "zip",
                "url": "https://files.phpcomposer.com/files/walkor/workerman-for-win/cbaae3193e4567fd9cfc8099931c63d9b12174ee.zip",
                "reference": "cbaae3193e4567fd9cfc8099931c63d9b12174ee",
                "shasum": ""
            },
            "require": {
                "php": ">=5.3"
            },
            "type": "project",
            "autoload": {
                "psr-4": {
                    "Workerman\\": "./"
                }
            },
            "notification-url": "https://packagist.org/downloads/",
            "license": [
                "MIT"
            ],
            "authors": [
                {
                    "name": "walkor",
                    "email": "walkor@workerman.net",
                    "homepage": "http://www.workerman.net",
                    "role": "Developer"
                }
            ],
            "description": "An asynchronous event driven PHP framework for easily building fast, scalable network applications.",
            "homepage": "http://www.workerman.net",
            "keywords": [
                "asynchronous",
                "event-loop"
            ],
            "time": "2017-08-28T10:05:00+00:00"
        }
    ],
    "packages-dev": [],
    "aliases": [],
    "minimum-stability": "stable",
    "stability-flags": [],
    "prefer-stable": false,
    "prefer-lowest": false,
    "platform": {
        "php": ">=5.6.0"
    },
    "platform-dev": []
}
